// !$*UTF8*$!
{
	archiveVersion = 1;
	classes = {
	};
	objectVersion = 54;
	objects = {

/* Begin PBXBuildFile section */
		0999A7888C071BA2B029A7CF /* LiveViewNative in Frameworks */ = {isa = PBXBuildFile; productRef = 3555B200CBC29902A1025D20 /* LiveViewNative */; };
		1089F86D4D7E827410B8AA8A /* ContentView.swift in Sources */ = {isa = PBXBuildFile; fileRef = 40E6A1EC9555D297B6D57C2D /* ContentView.swift */; };
		37A057E43A106D395365E4FC /* DisconnectedView.swift in Sources */ = {isa = PBXBuildFile; fileRef = F014544D52BDB8423F665DF0 /* DisconnectedView.swift */; };
		5D713013F97CFB324C8A4117 /* ConnectingView.swift in Sources */ = {isa = PBXBuildFile; fileRef = A5079CD8EA6F6C9C4C6B9E30 /* ConnectingView.swift */; };
		62D6A3EF142A2DE38E9A741B /* Assets.xcassets in Resources */ = {isa = PBXBuildFile; fileRef = 3A9EC4902F0395B5275B2D6F /* Assets.xcassets */; };
		672137838C4153CB421506FF /* LiveViewNative in Frameworks */ = {isa = PBXBuildFile; productRef = D38F071AAE5CCCF230685074 /* LiveViewNative */; };
		73795132822CC178FFBF758B /* ConnectingView.swift in Sources */ = {isa = PBXBuildFile; fileRef = A5079CD8EA6F6C9C4C6B9E30 /* ConnectingView.swift */; };
		789F3A9A11B5469B1F996FF6 /* Assets.xcassets in Resources */ = {isa = PBXBuildFile; fileRef = 3A9EC4902F0395B5275B2D6F /* Assets.xcassets */; };
		810768585CB82CEAC467E960 /* ReconnectingView.swift in Sources */ = {isa = PBXBuildFile; fileRef = DC473D8811281079649C1317 /* ReconnectingView.swift */; };
		896A449322105431A41BC1B2 /* Accumulator.swift in Sources */ = {isa = PBXBuildFile; fileRef = 121E00A580ECE1BA3E462194 /* Accumulator.swift */; };
		8AC05B0A3637F8A9B69774CD /* Accumulator.swift in Sources */ = {isa = PBXBuildFile; fileRef = 121E00A580ECE1BA3E462194 /* Accumulator.swift */; };
		911E4629F8EA86959CC8401A /* LiveViewNativeLiveForm in Frameworks */ = {isa = PBXBuildFile; productRef = 2985CF521EFF3443920BAD7E /* LiveViewNativeLiveForm */; };
		A0A86B2E1A6658E3107F3497 /* ErrorView.swift in Sources */ = {isa = PBXBuildFile; fileRef = A9D0D139CDBCE5E553914C4A /* ErrorView.swift */; };
		A8C89322C6B5ABDE2F83FA7E /* DisconnectedView.swift in Sources */ = {isa = PBXBuildFile; fileRef = F014544D52BDB8423F665DF0 /* DisconnectedView.swift */; };
		AE0552E6BD04FDD4BDB73BA4 /* ErrorView.swift in Sources */ = {isa = PBXBuildFile; fileRef = A9D0D139CDBCE5E553914C4A /* ErrorView.swift */; };
		B2B2F229A13D3B118B430CBE /* Preview Assets.xcassets in Resources */ = {isa = PBXBuildFile; fileRef = A67B72B5A1B95BD13B21FE3C /* Preview Assets.xcassets */; };
		CF2F368B10C2DF329097AAE2 /* ContentView.swift in Sources */ = {isa = PBXBuildFile; fileRef = 40E6A1EC9555D297B6D57C2D /* ContentView.swift */; };
		F98E7404FEEA450F0360F3B8 /* LiveViewNativeLiveForm in Frameworks */ = {isa = PBXBuildFile; productRef = 0B4522E13031C26F97C5E853 /* LiveViewNativeLiveForm */; };
		FDFD1F5600A403557ECD03E0 /* ReconnectingView.swift in Sources */ = {isa = PBXBuildFile; fileRef = DC473D8811281079649C1317 /* ReconnectingView.swift */; };
		FEB5ECD8482A0B2F8B09EA57 /* Preview Assets.xcassets in Resources */ = {isa = PBXBuildFile; fileRef = A67B72B5A1B95BD13B21FE3C /* Preview Assets.xcassets */; };
/* End PBXBuildFile section */

/* Begin PBXFileReference section */
		121E00A580ECE1BA3E462194 /* Accumulator.swift */ = {isa = PBXFileReference; lastKnownFileType = sourcecode.swift; path = Accumulator.swift; sourceTree = "<group>"; };
		2AEB471B9D3F0B0E520E13FF /* Accumulator Watch App.app */ = {isa = PBXFileReference; explicitFileType = wrapper.application; includeInIndex = 0; path = "Accumulator Watch App.app"; sourceTree = BUILT_PRODUCTS_DIR; };
		3A9EC4902F0395B5275B2D6F /* Assets.xcassets */ = {isa = PBXFileReference; lastKnownFileType = folder.assetcatalog; path = Assets.xcassets; sourceTree = "<group>"; };
		40E6A1EC9555D297B6D57C2D /* ContentView.swift */ = {isa = PBXFileReference; lastKnownFileType = sourcecode.swift; path = ContentView.swift; sourceTree = "<group>"; };
		A5079CD8EA6F6C9C4C6B9E30 /* ConnectingView.swift */ = {isa = PBXFileReference; lastKnownFileType = sourcecode.swift; path = ConnectingView.swift; sourceTree = "<group>"; };
		A67B72B5A1B95BD13B21FE3C /* Preview Assets.xcassets */ = {isa = PBXFileReference; lastKnownFileType = folder.assetcatalog; path = "Preview Assets.xcassets"; sourceTree = "<group>"; };
		A9D0D139CDBCE5E553914C4A /* ErrorView.swift */ = {isa = PBXFileReference; lastKnownFileType = sourcecode.swift; path = ErrorView.swift; sourceTree = "<group>"; };
		DC473D8811281079649C1317 /* ReconnectingView.swift */ = {isa = PBXFileReference; lastKnownFileType = sourcecode.swift; path = ReconnectingView.swift; sourceTree = "<group>"; };
		EFA9EE265DBBEFDAEEE09DD2 /* Accumulator.app */ = {isa = PBXFileReference; includeInIndex = 0; lastKnownFileType = wrapper.application; path = Accumulator.app; sourceTree = BUILT_PRODUCTS_DIR; };
		F014544D52BDB8423F665DF0 /* DisconnectedView.swift */ = {isa = PBXFileReference; lastKnownFileType = sourcecode.swift; path = DisconnectedView.swift; sourceTree = "<group>"; };
/* End PBXFileReference section */

/* Begin PBXFrameworksBuildPhase section */
		244207588527A4667A751BF2 /* Frameworks */ = {
			isa = PBXFrameworksBuildPhase;
			buildActionMask = 2147483647;
			files = (
				0999A7888C071BA2B029A7CF /* LiveViewNative in Frameworks */,
				911E4629F8EA86959CC8401A /* LiveViewNativeLiveForm in Frameworks */,
			);
			runOnlyForDeploymentPostprocessing = 0;
		};
		FD9AFD00B26DD0B67AE6746A /* Frameworks */ = {
			isa = PBXFrameworksBuildPhase;
			buildActionMask = 2147483647;
			files = (
				672137838C4153CB421506FF /* LiveViewNative in Frameworks */,
				F98E7404FEEA450F0360F3B8 /* LiveViewNativeLiveForm in Frameworks */,
			);
			runOnlyForDeploymentPostprocessing = 0;
		};
/* End PBXFrameworksBuildPhase section */

/* Begin PBXGroup section */
		77E2EC54864CF56F70915A26 /* Accumulator */ = {
			isa = PBXGroup;
			children = (
				8BB0491580F2C76375157293 /* Preview Content */,
				121E00A580ECE1BA3E462194 /* Accumulator.swift */,
				3A9EC4902F0395B5275B2D6F /* Assets.xcassets */,
				A5079CD8EA6F6C9C4C6B9E30 /* ConnectingView.swift */,
				40E6A1EC9555D297B6D57C2D /* ContentView.swift */,
				F014544D52BDB8423F665DF0 /* DisconnectedView.swift */,
				A9D0D139CDBCE5E553914C4A /* ErrorView.swift */,
				DC473D8811281079649C1317 /* ReconnectingView.swift */,
			);
			path = Accumulator;
			sourceTree = "<group>";
		};
		8BB0491580F2C76375157293 /* Preview Content */ = {
			isa = PBXGroup;
			children = (
				A67B72B5A1B95BD13B21FE3C /* Preview Assets.xcassets */,
			);
			path = "Preview Content";
			sourceTree = "<group>";
		};
		D2C3AE205BE757629B319F07 /* Products */ = {
			isa = PBXGroup;
			children = (
				2AEB471B9D3F0B0E520E13FF /* Accumulator Watch App.app */,
				EFA9EE265DBBEFDAEEE09DD2 /* Accumulator.app */,
			);
			name = Products;
			sourceTree = "<group>";
		};
		D95FCF94FBDB10C8C3877E27 = {
			isa = PBXGroup;
			children = (
				77E2EC54864CF56F70915A26 /* Accumulator */,
				D2C3AE205BE757629B319F07 /* Products */,
			);
			sourceTree = "<group>";
		};
/* End PBXGroup section */

/* Begin PBXNativeTarget section */
		96E2404E12AC0581F54944CA /* Accumulator */ = {
			isa = PBXNativeTarget;
			buildConfigurationList = 4C7FFA4C9D09B345311F5BFB /* Build configuration list for PBXNativeTarget "Accumulator" */;
			buildPhases = (
				6530902F6236A51EE46F9AD2 /* Sources */,
				5496DA2EE681BEC8098B595D /* Resources */,
				244207588527A4667A751BF2 /* Frameworks */,
			);
			buildRules = (
			);
			dependencies = (
			);
			name = Accumulator;
			packageProductDependencies = (
				3555B200CBC29902A1025D20 /* LiveViewNative */,
				2985CF521EFF3443920BAD7E /* LiveViewNativeLiveForm */,
			);
			productName = Accumulator;
			productReference = EFA9EE265DBBEFDAEEE09DD2 /* Accumulator.app */;
			productType = "com.apple.product-type.application";
		};
		A4AF63460F07C6154482FFC1 /* Accumulator Watch App */ = {
			isa = PBXNativeTarget;
			buildConfigurationList = 215B40A5E827CA2A1D58ACD0 /* Build configuration list for PBXNativeTarget "Accumulator Watch App" */;
			buildPhases = (
				80ED6E36BC5A63BA3AB7CAFF /* Sources */,
				585D94DDFFD2943E5FE2464E /* Resources */,
				FD9AFD00B26DD0B67AE6746A /* Frameworks */,
			);
			buildRules = (
			);
			dependencies = (
			);
			name = "Accumulator Watch App";
			packageProductDependencies = (
				D38F071AAE5CCCF230685074 /* LiveViewNative */,
				0B4522E13031C26F97C5E853 /* LiveViewNativeLiveForm */,
			);
			productName = "Accumulator Watch App";
			productReference = 2AEB471B9D3F0B0E520E13FF /* Accumulator Watch App.app */;
			productType = "com.apple.product-type.application";
		};
/* End PBXNativeTarget section */

/* Begin PBXProject section */
		A0E9569B6A5AC83B3D4549A8 /* Project object */ = {
			isa = PBXProject;
			attributes = {
				BuildIndependentTargetsInParallel = YES;
				LastUpgradeCheck = 1430;
				TargetAttributes = {
				};
			};
			buildConfigurationList = 32C8AEB64D3BC0385B899BFA /* Build configuration list for PBXProject "Accumulator" */;
			compatibilityVersion = "Xcode 14.0";
			developmentRegion = en;
			hasScannedForEncodings = 0;
			knownRegions = (
				Base,
				en,
			);
			mainGroup = D95FCF94FBDB10C8C3877E27;
			packageReferences = (
				6795AE277B50FD34D2ADA6CB /* XCRemoteSwiftPackageReference "liveview-client-swiftui" */,
				1961C49AE9ECD540FC6B1FA8 /* XCRemoteSwiftPackageReference "liveview-native-live-form" */,
			);
			projectDirPath = "";
			projectRoot = "";
			targets = (
				96E2404E12AC0581F54944CA /* Accumulator */,
				A4AF63460F07C6154482FFC1 /* Accumulator Watch App */,
			);
		};
/* End PBXProject section */

/* Begin PBXResourcesBuildPhase section */
		5496DA2EE681BEC8098B595D /* Resources */ = {
			isa = PBXResourcesBuildPhase;
			buildActionMask = 2147483647;
			files = (
				789F3A9A11B5469B1F996FF6 /* Assets.xcassets in Resources */,
				FEB5ECD8482A0B2F8B09EA57 /* Preview Assets.xcassets in Resources */,
			);
			runOnlyForDeploymentPostprocessing = 0;
		};
		585D94DDFFD2943E5FE2464E /* Resources */ = {
			isa = PBXResourcesBuildPhase;
			buildActionMask = 2147483647;
			files = (
				62D6A3EF142A2DE38E9A741B /* Assets.xcassets in Resources */,
				B2B2F229A13D3B118B430CBE /* Preview Assets.xcassets in Resources */,
			);
			runOnlyForDeploymentPostprocessing = 0;
		};
/* End PBXResourcesBuildPhase section */

/* Begin PBXSourcesBuildPhase section */
		6530902F6236A51EE46F9AD2 /* Sources */ = {
			isa = PBXSourcesBuildPhase;
			buildActionMask = 2147483647;
			files = (
				896A449322105431A41BC1B2 /* Accumulator.swift in Sources */,
				73795132822CC178FFBF758B /* ConnectingView.swift in Sources */,
				1089F86D4D7E827410B8AA8A /* ContentView.swift in Sources */,
				A8C89322C6B5ABDE2F83FA7E /* DisconnectedView.swift in Sources */,
				A0A86B2E1A6658E3107F3497 /* ErrorView.swift in Sources */,
				FDFD1F5600A403557ECD03E0 /* ReconnectingView.swift in Sources */,
			);
			runOnlyForDeploymentPostprocessing = 0;
		};
		80ED6E36BC5A63BA3AB7CAFF /* Sources */ = {
			isa = PBXSourcesBuildPhase;
			buildActionMask = 2147483647;
			files = (
				8AC05B0A3637F8A9B69774CD /* Accumulator.swift in Sources */,
				5D713013F97CFB324C8A4117 /* ConnectingView.swift in Sources */,
				CF2F368B10C2DF329097AAE2 /* ContentView.swift in Sources */,
				37A057E43A106D395365E4FC /* DisconnectedView.swift in Sources */,
				AE0552E6BD04FDD4BDB73BA4 /* ErrorView.swift in Sources */,
				810768585CB82CEAC467E960 /* ReconnectingView.swift in Sources */,
			);
			runOnlyForDeploymentPostprocessing = 0;
		};
/* End PBXSourcesBuildPhase section */

/* Begin XCBuildConfiguration section */
		22703AA46335B235B24D5E14 /* Release */ = {
			isa = XCBuildConfiguration;
			buildSettings = {
				ASSETCATALOG_COMPILER_APPICON_NAME = AppIcon;
				PRODUCT_BUNDLE_IDENTIFIER = com.example.Accumulator.watchkit;
				SDKROOT = watchos;
				SKIP_INSTALL = YES;
				TARGETED_DEVICE_FAMILY = 4;
			};
			name = Release;
		};
		5A0692379DB2C66C3AB4B182 /* Release */ = {
			isa = XCBuildConfiguration;
			buildSettings = {
				ASSETCATALOG_COMPILER_APPICON_NAME = AppIcon;
				CODE_SIGN_IDENTITY = "iPhone Developer";
				LD_RUNPATH_SEARCH_PATHS = (
					"$(inherited)",
					"@executable_path/Frameworks",
				);
				PRODUCT_BUNDLE_IDENTIFIER = com.example.Accumulator;
				SDKROOT = auto;
				SUPPORTED_PLATFORMS = "iphoneos iphonesimulator appletvos appletvsimulator macosx";
				SUPPORTS_MACCATALYST = NO;
				SUPPORTS_MAC_DESIGNED_FOR_IPHONE_IPAD = NO;
				SUPPORTS_XR_DESIGNED_FOR_IPHONE_IPAD = YES;
				TARGETED_DEVICE_FAMILY = "1,2,3";
			};
			name = Release;
		};
		7DDA6A47DD8598A1941472D7 /* Debug */ = {
			isa = XCBuildConfiguration;
			buildSettings = {
				ASSETCATALOG_COMPILER_APPICON_NAME = AppIcon;
				PRODUCT_BUNDLE_IDENTIFIER = com.example.Accumulator.watchkit;
				SDKROOT = watchos;
				SKIP_INSTALL = YES;
				TARGETED_DEVICE_FAMILY = 4;
			};
			name = Debug;
		};
		87036E191816A3B00A2A4059 /* Debug */ = {
			isa = XCBuildConfiguration;
			buildSettings = {
				ALWAYS_SEARCH_USER_PATHS = NO;
				ASSETCATALOG_COMPILER_GENERATE_SWIFT_ASSET_SYMBOL_EXTENSIONS = YES;
				CLANG_ANALYZER_NONNULL = YES;
				CLANG_ANALYZER_NUMBER_OBJECT_CONVERSION = YES_AGGRESSIVE;
				CLANG_CXX_LANGUAGE_STANDARD = "gnu++14";
				CLANG_CXX_LIBRARY = "libc++";
				CLANG_ENABLE_MODULES = YES;
				CLANG_ENABLE_OBJC_ARC = YES;
				CLANG_ENABLE_OBJC_WEAK = YES;
				CLANG_WARN_BLOCK_CAPTURE_AUTORELEASING = YES;
				CLANG_WARN_BOOL_CONVERSION = YES;
				CLANG_WARN_COMMA = YES;
				CLANG_WARN_CONSTANT_CONVERSION = YES;
				CLANG_WARN_DEPRECATED_OBJC_IMPLEMENTATIONS = YES;
				CLANG_WARN_DIRECT_OBJC_ISA_USAGE = YES_ERROR;
				CLANG_WARN_DOCUMENTATION_COMMENTS = YES;
				CLANG_WARN_EMPTY_BODY = YES;
				CLANG_WARN_ENUM_CONVERSION = YES;
				CLANG_WARN_INFINITE_RECURSION = YES;
				CLANG_WARN_INT_CONVERSION = YES;
				CLANG_WARN_NON_LITERAL_NULL_CONVERSION = YES;
				CLANG_WARN_OBJC_IMPLICIT_RETAIN_SELF = YES;
				CLANG_WARN_OBJC_LITERAL_CONVERSION = YES;
				CLANG_WARN_OBJC_ROOT_CLASS = YES_ERROR;
				CLANG_WARN_QUOTED_INCLUDE_IN_FRAMEWORK_HEADER = YES;
				CLANG_WARN_RANGE_LOOP_ANALYSIS = YES;
				CLANG_WARN_STRICT_PROTOTYPES = YES;
				CLANG_WARN_SUSPICIOUS_MOVE = YES;
				CLANG_WARN_UNGUARDED_AVAILABILITY = YES_AGGRESSIVE;
				CLANG_WARN_UNREACHABLE_CODE = YES;
				CLANG_WARN__DUPLICATE_METHOD_MATCH = YES;
				COPY_PHASE_STRIP = NO;
				CURRENT_PROJECT_VERSION = 1.0;
				DEAD_CODE_STRIPPING = YES;
				DEBUG_INFORMATION_FORMAT = dwarf;
				ENABLE_STRICT_OBJC_MSGSEND = YES;
				ENABLE_TESTABILITY = YES;
				ENABLE_USER_SCRIPT_SANDBOXING = YES;
				GCC_C_LANGUAGE_STANDARD = gnu11;
				GCC_DYNAMIC_NO_PIC = NO;
				GCC_NO_COMMON_BLOCKS = YES;
				GCC_OPTIMIZATION_LEVEL = 0;
				GCC_PREPROCESSOR_DEFINITIONS = (
					"$(inherited)",
					"DEBUG=1",
				);
				GCC_WARN_64_TO_32_BIT_CONVERSION = YES;
				GCC_WARN_ABOUT_RETURN_TYPE = YES_ERROR;
				GCC_WARN_UNDECLARED_SELECTOR = YES;
				GCC_WARN_UNINITIALIZED_AUTOS = YES_AGGRESSIVE;
				GCC_WARN_UNUSED_FUNCTION = YES;
				GCC_WARN_UNUSED_VARIABLE = YES;
				GENERATE_INFOPLIST_FILE = YES;
				INFOPLIST_KEY_CFBundleDisplayName = Accumulator;
				INFOPLIST_KEY_UILaunchScreen_Generation = YES;
				INFOPLIST_KEY_WKCompanionAppBundleIdentifier = com.example.Accumulator;
				INFOPLIST_KEY_WKRunsIndependentlyOfCompanionApp = YES;
				IPHONEOS_DEPLOYMENT_TARGET = 16.0;
				MACOSX_DEPLOYMENT_TARGET = 13.0;
				MARKETING_VERSION = 1.0;
				MTL_ENABLE_DEBUG_INFO = INCLUDE_SOURCE;
				MTL_FAST_MATH = YES;
				ONLY_ACTIVE_ARCH = YES;
				PRODUCT_NAME = "$(TARGET_NAME)";
				SWIFT_ACTIVE_COMPILATION_CONDITIONS = DEBUG;
				SWIFT_OPTIMIZATION_LEVEL = "-Onone";
				SWIFT_VERSION = 5.0;
				TVOS_DEPLOYMENT_TARGET = 16.0;
				WATCHOS_DEPLOYMENT_TARGET = 9.0;
			};
			name = Debug;
		};
		9267B1835C209DD739DFB44B /* Debug */ = {
			isa = XCBuildConfiguration;
			buildSettings = {
				ASSETCATALOG_COMPILER_APPICON_NAME = AppIcon;
				CODE_SIGN_IDENTITY = "iPhone Developer";
				LD_RUNPATH_SEARCH_PATHS = (
					"$(inherited)",
					"@executable_path/Frameworks",
				);
				PRODUCT_BUNDLE_IDENTIFIER = com.example.Accumulator;
				SDKROOT = auto;
				SUPPORTED_PLATFORMS = "iphoneos iphonesimulator appletvos appletvsimulator macosx";
				SUPPORTS_MACCATALYST = NO;
				SUPPORTS_MAC_DESIGNED_FOR_IPHONE_IPAD = NO;
				SUPPORTS_XR_DESIGNED_FOR_IPHONE_IPAD = YES;
				TARGETED_DEVICE_FAMILY = "1,2,3";
			};
			name = Debug;
		};
		AAD033C19480DEFD6CB3843E /* Release */ = {
			isa = XCBuildConfiguration;
			buildSettings = {
				ALWAYS_SEARCH_USER_PATHS = NO;
				ASSETCATALOG_COMPILER_GENERATE_SWIFT_ASSET_SYMBOL_EXTENSIONS = YES;
				CLANG_ANALYZER_NONNULL = YES;
				CLANG_ANALYZER_NUMBER_OBJECT_CONVERSION = YES_AGGRESSIVE;
				CLANG_CXX_LANGUAGE_STANDARD = "gnu++14";
				CLANG_CXX_LIBRARY = "libc++";
				CLANG_ENABLE_MODULES = YES;
				CLANG_ENABLE_OBJC_ARC = YES;
				CLANG_ENABLE_OBJC_WEAK = YES;
				CLANG_WARN_BLOCK_CAPTURE_AUTORELEASING = YES;
				CLANG_WARN_BOOL_CONVERSION = YES;
				CLANG_WARN_COMMA = YES;
				CLANG_WARN_CONSTANT_CONVERSION = YES;
				CLANG_WARN_DEPRECATED_OBJC_IMPLEMENTATIONS = YES;
				CLANG_WARN_DIRECT_OBJC_ISA_USAGE = YES_ERROR;
				CLANG_WARN_DOCUMENTATION_COMMENTS = YES;
				CLANG_WARN_EMPTY_BODY = YES;
				CLANG_WARN_ENUM_CONVERSION = YES;
				CLANG_WARN_INFINITE_RECURSION = YES;
				CLANG_WARN_INT_CONVERSION = YES;
				CLANG_WARN_NON_LITERAL_NULL_CONVERSION = YES;
				CLANG_WARN_OBJC_IMPLICIT_RETAIN_SELF = YES;
				CLANG_WARN_OBJC_LITERAL_CONVERSION = YES;
				CLANG_WARN_OBJC_ROOT_CLASS = YES_ERROR;
				CLANG_WARN_QUOTED_INCLUDE_IN_FRAMEWORK_HEADER = YES;
				CLANG_WARN_RANGE_LOOP_ANALYSIS = YES;
				CLANG_WARN_STRICT_PROTOTYPES = YES;
				CLANG_WARN_SUSPICIOUS_MOVE = YES;
				CLANG_WARN_UNGUARDED_AVAILABILITY = YES_AGGRESSIVE;
				CLANG_WARN_UNREACHABLE_CODE = YES;
				CLANG_WARN__DUPLICATE_METHOD_MATCH = YES;
				COPY_PHASE_STRIP = NO;
				CURRENT_PROJECT_VERSION = 1.0;
				DEAD_CODE_STRIPPING = YES;
				DEBUG_INFORMATION_FORMAT = "dwarf-with-dsym";
				ENABLE_NS_ASSERTIONS = NO;
				ENABLE_STRICT_OBJC_MSGSEND = YES;
				ENABLE_USER_SCRIPT_SANDBOXING = YES;
				GCC_C_LANGUAGE_STANDARD = gnu11;
				GCC_NO_COMMON_BLOCKS = YES;
				GCC_WARN_64_TO_32_BIT_CONVERSION = YES;
				GCC_WARN_ABOUT_RETURN_TYPE = YES_ERROR;
				GCC_WARN_UNDECLARED_SELECTOR = YES;
				GCC_WARN_UNINITIALIZED_AUTOS = YES_AGGRESSIVE;
				GCC_WARN_UNUSED_FUNCTION = YES;
				GCC_WARN_UNUSED_VARIABLE = YES;
				GENERATE_INFOPLIST_FILE = YES;
				INFOPLIST_KEY_CFBundleDisplayName = Accumulator;
				INFOPLIST_KEY_UILaunchScreen_Generation = YES;
				INFOPLIST_KEY_WKCompanionAppBundleIdentifier = com.example.Accumulator;
				INFOPLIST_KEY_WKRunsIndependentlyOfCompanionApp = YES;
				IPHONEOS_DEPLOYMENT_TARGET = 16.0;
				MACOSX_DEPLOYMENT_TARGET = 13.0;
				MARKETING_VERSION = 1.0;
				MTL_ENABLE_DEBUG_INFO = NO;
				MTL_FAST_MATH = YES;
				PRODUCT_NAME = "$(TARGET_NAME)";
				SWIFT_COMPILATION_MODE = wholemodule;
				SWIFT_OPTIMIZATION_LEVEL = "-O";
				SWIFT_VERSION = 5.0;
				TVOS_DEPLOYMENT_TARGET = 16.0;
				WATCHOS_DEPLOYMENT_TARGET = 9.0;
			};
			name = Release;
		};
/* End XCBuildConfiguration section */

/* Begin XCConfigurationList section */
		215B40A5E827CA2A1D58ACD0 /* Build configuration list for PBXNativeTarget "Accumulator Watch App" */ = {
			isa = XCConfigurationList;
			buildConfigurations = (
				7DDA6A47DD8598A1941472D7 /* Debug */,
				22703AA46335B235B24D5E14 /* Release */,
			);
			defaultConfigurationIsVisible = 0;
			defaultConfigurationName = Debug;
		};
		32C8AEB64D3BC0385B899BFA /* Build configuration list for PBXProject "Accumulator" */ = {
			isa = XCConfigurationList;
			buildConfigurations = (
				87036E191816A3B00A2A4059 /* Debug */,
				AAD033C19480DEFD6CB3843E /* Release */,
			);
			defaultConfigurationIsVisible = 0;
			defaultConfigurationName = Debug;
		};
		4C7FFA4C9D09B345311F5BFB /* Build configuration list for PBXNativeTarget "Accumulator" */ = {
			isa = XCConfigurationList;
			buildConfigurations = (
				9267B1835C209DD739DFB44B /* Debug */,
				5A0692379DB2C66C3AB4B182 /* Release */,
			);
			defaultConfigurationIsVisible = 0;
			defaultConfigurationName = Debug;
		};
/* End XCConfigurationList section */

/* Begin XCRemoteSwiftPackageReference section */
		1961C49AE9ECD540FC6B1FA8 /* XCRemoteSwiftPackageReference "liveview-native-live-form" */ = {
			isa = XCRemoteSwiftPackageReference;
			repositoryURL = "https://github.com/liveview-native/liveview-native-live-form";
			requirement = {
				kind = upToNextMajorVersion;
				minimumVersion = 0.3.0;
			};
		};
		6795AE277B50FD34D2ADA6CB /* XCRemoteSwiftPackageReference "liveview-client-swiftui" */ = {
			isa = XCRemoteSwiftPackageReference;
			repositoryURL = "https://github.com/liveview-native/liveview-client-swiftui";
			requirement = {
				kind = upToNextMajorVersion;
				minimumVersion = 0.3.0;
			};
		};
/* End XCRemoteSwiftPackageReference section */

/* Begin XCSwiftPackageProductDependency section */
		0B4522E13031C26F97C5E853 /* LiveViewNativeLiveForm */ = {
			isa = XCSwiftPackageProductDependency;
			package = 1961C49AE9ECD540FC6B1FA8 /* XCRemoteSwiftPackageReference "liveview-native-live-form" */;
			productName = LiveViewNativeLiveForm;
		};
		2985CF521EFF3443920BAD7E /* LiveViewNativeLiveForm */ = {
			isa = XCSwiftPackageProductDependency;
			package = 1961C49AE9ECD540FC6B1FA8 /* XCRemoteSwiftPackageReference "liveview-native-live-form" */;
			productName = LiveViewNativeLiveForm;
		};
		3555B200CBC29902A1025D20 /* LiveViewNative */ = {
			isa = XCSwiftPackageProductDependency;
			package = 6795AE277B50FD34D2ADA6CB /* XCRemoteSwiftPackageReference "liveview-client-swiftui" */;
			productName = LiveViewNative;
		};
		D38F071AAE5CCCF230685074 /* LiveViewNative */ = {
			isa = XCSwiftPackageProductDependency;
			package = 6795AE277B50FD34D2ADA6CB /* XCRemoteSwiftPackageReference "liveview-client-swiftui" */;
			productName = LiveViewNative;
		};
/* End XCSwiftPackageProductDependency section */
	};
	rootObject = A0E9569B6A5AC83B3D4549A8 /* Project object */;
}
