{
  "name": "assets",
  "lockfileVersion": 3,
  "requires": true,
  "packages": {
    "": {
      "dependencies": {
        "@tiptap/core": "^2.2.4",
        "@tiptap/pm": "^2.2.4",
        "@tiptap/starter-kit": "^2.2.4"
      }
    },
    "node_modules/@remirror/core-constants": {
      "version": "2.0.2",
      "resolved": "https://registry.npmjs.org/@remirror/core-constants/-/core-constants-2.0.2.tgz",
      "integrity": "sha512-dyHY+sMF0ihPus3O27ODd4+agdHMEmuRdyiZJ2CCWjPV5UFmn17ZbElvk6WOGVE4rdCJKZQCrPV2BcikOMLUGQ=="
    },
    "node_modules/@tiptap/core": {
      "version": "2.2.4",
      "resolved": "https://registry.npmjs.org/@tiptap/core/-/core-2.2.4.tgz",
      "integrity": "sha512-cRrI8IlLIhCE1hacBQzXIC8dsRvGq6a4lYWQK/BaHuZg21CG7szp3Vd8Ix+ra1f5v0xPOT+Hy+QFNQooRMKMCw==",
      "funding": {
        "type": "github",
        "url": "https://github.com/sponsors/ueberdosis"
      },
      "peerDependencies": {
        "@tiptap/pm": "^2.0.0"
      }
    },
    "node_modules/@tiptap/extension-blockquote": {
      "version": "2.2.4",
      "resolved": "https://registry.npmjs.org/@tiptap/extension-blockquote/-/extension-blockquote-2.2.4.tgz",
      "integrity": "sha512-FrfPnn0VgVrUwWLwja1afX99JGLp6PE9ThVcmri+tLwUZQvTTVcCvHoCdOakav3/nge1+aV4iE3tQdyq1tWI9Q==",
      "funding": {
        "type": "github",
        "url": "https://github.com/sponsors/ueberdosis"
      },
      "peerDependencies": {
        "@tiptap/core": "^2.0.0"
      }
    },
    "node_modules/@tiptap/extension-bold": {
      "version": "2.2.4",
      "resolved": "https://registry.npmjs.org/@tiptap/extension-bold/-/extension-bold-2.2.4.tgz",
      "integrity": "sha512-v3tTLc8YESFZPOGj5ByFr8VbmQ/PTo49T1vsK50VubxIN/5r9cXlKH8kb3dZlZxCxJa3FrXNO/M8rdGBSWQvSg==",
      "funding": {
        "type": "github",
        "url": "https://github.com/sponsors/ueberdosis"
      },
      "peerDependencies": {
        "@tiptap/core": "^2.0.0"
      }
    },
    "node_modules/@tiptap/extension-bullet-list": {
      "version": "2.2.4",
      "resolved": "https://registry.npmjs.org/@tiptap/extension-bullet-list/-/extension-bullet-list-2.2.4.tgz",
      "integrity": "sha512-z/MPmW8bhRougMuorl6MAQBXeK4rhlP+jBWlNwT+CT8h5IkXqPnDbM1sZeagp2nYfVV6Yc4RWpzimqHHtGnYTA==",
      "funding": {
        "type": "github",
        "url": "https://github.com/sponsors/ueberdosis"
      },
      "peerDependencies": {
        "@tiptap/core": "^2.0.0"
      }
    },
    "node_modules/@tiptap/extension-code": {
      "version": "2.2.4",
      "resolved": "https://registry.npmjs.org/@tiptap/extension-code/-/extension-code-2.2.4.tgz",
      "integrity": "sha512-JB4SJ2mUU/9qXFUf+K5K9szvovnN9AIcCb0f0UlcVBuddKHSqCl3wO3QJgYt44BfQTLMNuyzr+zVqfFd6BNt/g==",
      "funding": {
        "type": "github",
        "url": "https://github.com/sponsors/ueberdosis"
      },
      "peerDependencies": {
        "@tiptap/core": "^2.0.0"
      }
    },
    "node_modules/@tiptap/extension-code-block": {
      "version": "2.2.4",
      "resolved": "https://registry.npmjs.org/@tiptap/extension-code-block/-/extension-code-block-2.2.4.tgz",
      "integrity": "sha512-h6WV9TmaBEZmvqe1ezMR83DhCPUap6P2mSR5pwVk0WVq6rvZjfgU0iF3EetBJOeDgPlz7cNe2NMDfVb1nGTM/g==",
      "funding": {
        "type": "github",
        "url": "https://github.com/sponsors/ueberdosis"
      },
      "peerDependencies": {
        "@tiptap/core": "^2.0.0",
        "@tiptap/pm": "^2.0.0"
      }
    },
    "node_modules/@tiptap/extension-document": {
      "version": "2.2.4",
      "resolved": "https://registry.npmjs.org/@tiptap/extension-document/-/extension-document-2.2.4.tgz",
      "integrity": "sha512-z+05xGK0OFoXV1GL+/8bzcZuWMdMA3+EKwk5c+iziG60VZcvGTF7jBRsZidlu9Oaj0cDwWHCeeo6L9SgSh6i2A==",
      "funding": {
        "type": "github",
        "url": "https://github.com/sponsors/ueberdosis"
      },
      "peerDependencies": {
        "@tiptap/core": "^2.0.0"
      }
    },
    "node_modules/@tiptap/extension-dropcursor": {
      "version": "2.2.4",
      "resolved": "https://registry.npmjs.org/@tiptap/extension-dropcursor/-/extension-dropcursor-2.2.4.tgz",
      "integrity": "sha512-IHwkEKmqpqXyJi16h7871NrcIqeyN7I6XRE2qdqi+MhGigVWI8nWHoYbjRKa7K/1uhs5zeRYyDlq5EuZyL6mgA==",
      "funding": {
        "type": "github",
        "url": "https://github.com/sponsors/ueberdosis"
      },
      "peerDependencies": {
        "@tiptap/core": "^2.0.0",
        "@tiptap/pm": "^2.0.0"
      }
    },
    "node_modules/@tiptap/extension-gapcursor": {
      "version": "2.2.4",
      "resolved": "https://registry.npmjs.org/@tiptap/extension-gapcursor/-/extension-gapcursor-2.2.4.tgz",
      "integrity": "sha512-Y6htT/RDSqkQ1UwG2Ia+rNVRvxrKPOs3RbqKHPaWr3vbFWwhHyKhMCvi/FqfI3d5pViVHOZQ7jhb5hT/a0BmNw==",
      "funding": {
        "type": "github",
        "url": "https://github.com/sponsors/ueberdosis"
      },
      "peerDependencies": {
        "@tiptap/core": "^2.0.0",
        "@tiptap/pm": "^2.0.0"
      }
    },
    "node_modules/@tiptap/extension-hard-break": {
      "version": "2.2.4",
      "resolved": "https://registry.npmjs.org/@tiptap/extension-hard-break/-/extension-hard-break-2.2.4.tgz",
      "integrity": "sha512-FPvS57GcqHIeLbPKGJa3gnH30Xw+YB1PXXnAWG2MpnMtc2Vtj1l5xaYYBZB+ADdXLAlU0YMbKhFLQO4+pg1Isg==",
      "funding": {
        "type": "github",
        "url": "https://github.com/sponsors/ueberdosis"
      },
      "peerDependencies": {
        "@tiptap/core": "^2.0.0"
      }
    },
    "node_modules/@tiptap/extension-heading": {
      "version": "2.2.4",
      "resolved": "https://registry.npmjs.org/@tiptap/extension-heading/-/extension-heading-2.2.4.tgz",
      "integrity": "sha512-gkq7Ns2FcrOCRq7Q+VRYt5saMt2R9g4REAtWy/jEevJ5UV5vA2AiGnYDmxwAkHutoYU0sAUkjqx37wE0wpamNw==",
      "funding": {
        "type": "github",
        "url": "https://github.com/sponsors/ueberdosis"
      },
      "peerDependencies": {
        "@tiptap/core": "^2.0.0"
      }
    },
    "node_modules/@tiptap/extension-history": {
      "version": "2.2.4",
      "resolved": "https://registry.npmjs.org/@tiptap/extension-history/-/extension-history-2.2.4.tgz",
      "integrity": "sha512-FDM32XYF5NU4mzh+fJ8w2CyUqv0l2Nl15sd6fOhQkVxSj8t57z+DUXc9ZR3zkH+1RAagYJo/2Gu3e99KpMr0tg==",
      "funding": {
        "type": "github",
        "url": "https://github.com/sponsors/ueberdosis"
      },
      "peerDependencies": {
        "@tiptap/core": "^2.0.0",
        "@tiptap/pm": "^2.0.0"
      }
    },
    "node_modules/@tiptap/extension-horizontal-rule": {
      "version": "2.2.4",
      "resolved": "https://registry.npmjs.org/@tiptap/extension-horizontal-rule/-/extension-horizontal-rule-2.2.4.tgz",
      "integrity": "sha512-iCRHjFQQHApWg3R4fkKkJQhWEOdu1Fdc4YEAukdOXPSg3fg36IwjvsMXjt9SYBtVZ+iio3rORCZGXyMvgCH9uw==",
      "funding": {
        "type": "github",
        "url": "https://github.com/sponsors/ueberdosis"
      },
      "peerDependencies": {
        "@tiptap/core": "^2.0.0",
        "@tiptap/pm": "^2.0.0"
      }
    },
    "node_modules/@tiptap/extension-italic": {
      "version": "2.2.4",
      "resolved": "https://registry.npmjs.org/@tiptap/extension-italic/-/extension-italic-2.2.4.tgz",
      "integrity": "sha512-qIhGNvWnsQswSgEMRA8jQQjxfkOGNAuNWKEVQX9DPoqAUgknT41hQcAMP8L2+OdACpb2jbVMOO5Cy5Dof2L8/w==",
      "funding": {
        "type": "github",
        "url": "https://github.com/sponsors/ueberdosis"
      },
      "peerDependencies": {
        "@tiptap/core": "^2.0.0"
      }
    },
    "node_modules/@tiptap/extension-list-item": {
      "version": "2.2.4",
      "resolved": "https://registry.npmjs.org/@tiptap/extension-list-item/-/extension-list-item-2.2.4.tgz",
      "integrity": "sha512-lPLKGKsHpM9ClUa8n7GEUn8pG6HCYU0vFruIy3l2t6jZdHkrgBnYtVGMZ13K8UDnj/hlAlccxku0D0P4mA1Vrg==",
      "funding": {
        "type": "github",
        "url": "https://github.com/sponsors/ueberdosis"
      },
      "peerDependencies": {
        "@tiptap/core": "^2.0.0"
      }
    },
    "node_modules/@tiptap/extension-ordered-list": {
      "version": "2.2.4",
      "resolved": "https://registry.npmjs.org/@tiptap/extension-ordered-list/-/extension-ordered-list-2.2.4.tgz",
      "integrity": "sha512-TpFy140O9Af1JciXt+xwqYUXxcJ6YG8zi/B5UDJujp+FH5sCmlYYBBnWxiFMhVaj6yEmA2eafu1qUkic/1X5Aw==",
      "funding": {
        "type": "github",
        "url": "https://github.com/sponsors/ueberdosis"
      },
      "peerDependencies": {
        "@tiptap/core": "^2.0.0"
      }
    },
    "node_modules/@tiptap/extension-paragraph": {
      "version": "2.2.4",
      "resolved": "https://registry.npmjs.org/@tiptap/extension-paragraph/-/extension-paragraph-2.2.4.tgz",
      "integrity": "sha512-m1KwyvTNJxsq7StbspbcOhxO4Wk4YpElDbqOouWi+H4c8azdpI5Pn96ZqhFeE9bSyjByg6OcB/wqoJsLbeFWdQ==",
      "funding": {
        "type": "github",
        "url": "https://github.com/sponsors/ueberdosis"
      },
      "peerDependencies": {
        "@tiptap/core": "^2.0.0"
      }
    },
    "node_modules/@tiptap/extension-strike": {
      "version": "2.2.4",
      "resolved": "https://registry.npmjs.org/@tiptap/extension-strike/-/extension-strike-2.2.4.tgz",
      "integrity": "sha512-/a2EwQgA+PpG17V2tVRspcrIY0SN3blwcgM7lxdW4aucGkqSKnf7+91dkhQEwCZ//o8kv9mBCyRoCUcGy6S5Xg==",
      "funding": {
        "type": "github",
        "url": "https://github.com/sponsors/ueberdosis"
      },
      "peerDependencies": {
        "@tiptap/core": "^2.0.0"
      }
    },
    "node_modules/@tiptap/extension-text": {
      "version": "2.2.4",
      "resolved": "https://registry.npmjs.org/@tiptap/extension-text/-/extension-text-2.2.4.tgz",
      "integrity": "sha512-NlKHMPnRJXB+0AGtDlU0P2Pg+SdesA2lMMd7JzDUgJgL7pX2jOb8eUqSeOjFKuSzFSqYfH6C3o6mQiNhuQMv+g==",
      "funding": {
        "type": "github",
        "url": "https://github.com/sponsors/ueberdosis"
      },
      "peerDependencies": {
        "@tiptap/core": "^2.0.0"
      }
    },
    "node_modules/@tiptap/pm": {
      "version": "2.2.4",
      "resolved": "https://registry.npmjs.org/@tiptap/pm/-/pm-2.2.4.tgz",
      "integrity": "sha512-Po0klR165zgtinhVp1nwMubjyKx6gAY9kH3IzcniYLCkqhPgiqnAcCr61TBpp4hfK8YURBS4ihvCB1dyfCyY8A==",
      "dependencies": {
        "prosemirror-changeset": "^2.2.1",
        "prosemirror-collab": "^1.3.1",
        "prosemirror-commands": "^1.5.2",
        "prosemirror-dropcursor": "^1.8.1",
        "prosemirror-gapcursor": "^1.3.2",
        "prosemirror-history": "^1.3.2",
        "prosemirror-inputrules": "^1.3.0",
        "prosemirror-keymap": "^1.2.2",
        "prosemirror-markdown": "^1.12.0",
        "prosemirror-menu": "^1.2.4",
        "prosemirror-model": "^1.19.4",
        "prosemirror-schema-basic": "^1.2.2",
        "prosemirror-schema-list": "^1.3.0",
        "prosemirror-state": "^1.4.3",
        "prosemirror-tables": "^1.3.5",
        "prosemirror-trailing-node": "^2.0.7",
        "prosemirror-transform": "^1.8.0",
        "prosemirror-view": "^1.32.7"
      },
      "funding": {
        "type": "github",
        "url": "https://github.com/sponsors/ueberdosis"
      }
    },
    "node_modules/@tiptap/starter-kit": {
      "version": "2.2.4",
      "resolved": "https://registry.npmjs.org/@tiptap/starter-kit/-/starter-kit-2.2.4.tgz",
      "integrity": "sha512-Kbk7qUfIZg3+bNa3e/wBeDQt4jJB46uQgM+xy5NSY6H8NZP6gdmmap3aIrn9S/W/hGpxJl4RcXAeaT0CQji9XA==",
      "dependencies": {
        "@tiptap/core": "^2.2.4",
        "@tiptap/extension-blockquote": "^2.2.4",
        "@tiptap/extension-bold": "^2.2.4",
        "@tiptap/extension-bullet-list": "^2.2.4",
        "@tiptap/extension-code": "^2.2.4",
        "@tiptap/extension-code-block": "^2.2.4",
        "@tiptap/extension-document": "^2.2.4",
        "@tiptap/extension-dropcursor": "^2.2.4",
        "@tiptap/extension-gapcursor": "^2.2.4",
        "@tiptap/extension-hard-break": "^2.2.4",
        "@tiptap/extension-heading": "^2.2.4",
        "@tiptap/extension-history": "^2.2.4",
        "@tiptap/extension-horizontal-rule": "^2.2.4",
        "@tiptap/extension-italic": "^2.2.4",
        "@tiptap/extension-list-item": "^2.2.4",
        "@tiptap/extension-ordered-list": "^2.2.4",
        "@tiptap/extension-paragraph": "^2.2.4",
        "@tiptap/extension-strike": "^2.2.4",
        "@tiptap/extension-text": "^2.2.4"
      },
      "funding": {
        "type": "github",
        "url": "https://github.com/sponsors/ueberdosis"
      }
    },
    "node_modules/argparse": {
      "version": "2.0.1",
      "resolved": "https://registry.npmjs.org/argparse/-/argparse-2.0.1.tgz",
      "integrity": "sha512-8+9WqebbFzpX9OR+Wa6O29asIogeRMzcGtAINdpMHHyAg10f05aSFVBbcEqGf/PXw1EjAZ+q2/bEBg3DvurK3Q=="
    },
    "node_modules/crelt": {
      "version": "1.0.6",
      "resolved": "https://registry.npmjs.org/crelt/-/crelt-1.0.6.tgz",
      "integrity": "sha512-VQ2MBenTq1fWZUH9DJNGti7kKv6EeAuYr3cLwxUWhIu1baTaXh4Ib5W2CqHVqib4/MqbYGJqiL3Zb8GJZr3l4g=="
    },
    "node_modules/entities": {
      "version": "4.5.0",
      "resolved": "https://registry.npmjs.org/entities/-/entities-4.5.0.tgz",
      "integrity": "sha512-V0hjH4dGPh9Ao5p0MoRY6BVqtwCjhz6vI5LT8AJ55H+4g9/4vbHx1I54fS0XuclLhDHArPQCiMjDxjaL8fPxhw==",
      "engines": {
        "node": ">=0.12"
      },
      "funding": {
        "url": "https://github.com/fb55/entities?sponsor=1"
      }
    },
    "node_modules/escape-string-regexp": {
      "version": "4.0.0",
      "resolved": "https://registry.npmjs.org/escape-string-regexp/-/escape-string-regexp-4.0.0.tgz",
      "integrity": "sha512-TtpcNJ3XAzx3Gq8sWRzJaVajRs0uVxA2YAkdb1jm2YkPz4G6egUFAyA3n5vtEIZefPk5Wa4UXbKuS5fKkJWdgA==",
      "engines": {
        "node": ">=10"
      },
      "funding": {
        "url": "https://github.com/sponsors/sindresorhus"
      }
    },
    "node_modules/linkify-it": {
      "version": "5.0.0",
      "resolved": "https://registry.npmjs.org/linkify-it/-/linkify-it-5.0.0.tgz",
      "integrity": "sha512-5aHCbzQRADcdP+ATqnDuhhJ/MRIqDkZX5pyjFHRRysS8vZ5AbqGEoFIb6pYHPZ+L/OC2Lc+xT8uHVVR5CAK/wQ==",
      "dependencies": {
        "uc.micro": "^2.0.0"
      }
    },
    "node_modules/markdown-it": {
      "version": "14.0.0",
      "resolved": "https://registry.npmjs.org/markdown-it/-/markdown-it-14.0.0.tgz",
      "integrity": "sha512-seFjF0FIcPt4P9U39Bq1JYblX0KZCjDLFFQPHpL5AzHpqPEKtosxmdq/LTVZnjfH7tjt9BxStm+wXcDBNuYmzw==",
      "dependencies": {
        "argparse": "^2.0.1",
        "entities": "^4.4.0",
        "linkify-it": "^5.0.0",
        "mdurl": "^2.0.0",
        "punycode.js": "^2.3.1",
        "uc.micro": "^2.0.0"
      },
      "bin": {
        "markdown-it": "bin/markdown-it.mjs"
      }
    },
    "node_modules/mdurl": {
      "version": "2.0.0",
      "resolved": "https://registry.npmjs.org/mdurl/-/mdurl-2.0.0.tgz",
      "integrity": "sha512-Lf+9+2r+Tdp5wXDXC4PcIBjTDtq4UKjCPMQhKIuzpJNW0b96kVqSwW0bT7FhRSfmAiFYgP+SCRvdrDozfh0U5w=="
    },
    "node_modules/orderedmap": {
      "version": "2.1.1",
      "resolved": "https://registry.npmjs.org/orderedmap/-/orderedmap-2.1.1.tgz",
      "integrity": "sha512-TvAWxi0nDe1j/rtMcWcIj94+Ffe6n7zhow33h40SKxmsmozs6dz/e+EajymfoFcHd7sxNn8yHM8839uixMOV6g=="
    },
    "node_modules/prosemirror-changeset": {
      "version": "2.2.1",
      "resolved": "https://registry.npmjs.org/prosemirror-changeset/-/prosemirror-changeset-2.2.1.tgz",
      "integrity": "sha512-J7msc6wbxB4ekDFj+n9gTW/jav/p53kdlivvuppHsrZXCaQdVgRghoZbSS3kwrRyAstRVQ4/+u5k7YfLgkkQvQ==",
      "dependencies": {
        "prosemirror-transform": "^1.0.0"
      }
    },
    "node_modules/prosemirror-collab": {
      "version": "1.3.1",
      "resolved": "https://registry.npmjs.org/prosemirror-collab/-/prosemirror-collab-1.3.1.tgz",
      "integrity": "sha512-4SnynYR9TTYaQVXd/ieUvsVV4PDMBzrq2xPUWutHivDuOshZXqQ5rGbZM84HEaXKbLdItse7weMGOUdDVcLKEQ==",
      "dependencies": {
        "prosemirror-state": "^1.0.0"
      }
    },
    "node_modules/prosemirror-commands": {
      "version": "1.5.2",
      "resolved": "https://registry.npmjs.org/prosemirror-commands/-/prosemirror-commands-1.5.2.tgz",
      "integrity": "sha512-hgLcPaakxH8tu6YvVAaILV2tXYsW3rAdDR8WNkeKGcgeMVQg3/TMhPdVoh7iAmfgVjZGtcOSjKiQaoeKjzd2mQ==",
      "dependencies": {
        "prosemirror-model": "^1.0.0",
        "prosemirror-state": "^1.0.0",
        "prosemirror-transform": "^1.0.0"
      }
    },
    "node_modules/prosemirror-dropcursor": {
      "version": "1.8.1",
      "resolved": "https://registry.npmjs.org/prosemirror-dropcursor/-/prosemirror-dropcursor-1.8.1.tgz",
      "integrity": "sha512-M30WJdJZLyXHi3N8vxN6Zh5O8ZBbQCz0gURTfPmTIBNQ5pxrdU7A58QkNqfa98YEjSAL1HUyyU34f6Pm5xBSGw==",
      "dependencies": {
        "prosemirror-state": "^1.0.0",
        "prosemirror-transform": "^1.1.0",
        "prosemirror-view": "^1.1.0"
      }
    },
    "node_modules/prosemirror-gapcursor": {
      "version": "1.3.2",
      "resolved": "https://registry.npmjs.org/prosemirror-gapcursor/-/prosemirror-gapcursor-1.3.2.tgz",
      "integrity": "sha512-wtjswVBd2vaQRrnYZaBCbyDqr232Ed4p2QPtRIUK5FuqHYKGWkEwl08oQM4Tw7DOR0FsasARV5uJFvMZWxdNxQ==",
      "dependencies": {
        "prosemirror-keymap": "^1.0.0",
        "prosemirror-model": "^1.0.0",
        "prosemirror-state": "^1.0.0",
        "prosemirror-view": "^1.0.0"
      }
    },
    "node_modules/prosemirror-history": {
      "version": "1.3.2",
      "resolved": "https://registry.npmjs.org/prosemirror-history/-/prosemirror-history-1.3.2.tgz",
      "integrity": "sha512-/zm0XoU/N/+u7i5zepjmZAEnpvjDtzoPWW6VmKptcAnPadN/SStsBjMImdCEbb3seiNTpveziPTIrXQbHLtU1g==",
      "dependencies": {
        "prosemirror-state": "^1.2.2",
        "prosemirror-transform": "^1.0.0",
        "prosemirror-view": "^1.31.0",
        "rope-sequence": "^1.3.0"
      }
    },
    "node_modules/prosemirror-inputrules": {
      "version": "1.4.0",
      "resolved": "https://registry.npmjs.org/prosemirror-inputrules/-/prosemirror-inputrules-1.4.0.tgz",
      "integrity": "sha512-6ygpPRuTJ2lcOXs9JkefieMst63wVJBgHZGl5QOytN7oSZs3Co/BYbc3Yx9zm9H37Bxw8kVzCnDsihsVsL4yEg==",
      "dependencies": {
        "prosemirror-state": "^1.0.0",
        "prosemirror-transform": "^1.0.0"
      }
    },
    "node_modules/prosemirror-keymap": {
      "version": "1.2.2",
      "resolved": "https://registry.npmjs.org/prosemirror-keymap/-/prosemirror-keymap-1.2.2.tgz",
      "integrity": "sha512-EAlXoksqC6Vbocqc0GtzCruZEzYgrn+iiGnNjsJsH4mrnIGex4qbLdWWNza3AW5W36ZRrlBID0eM6bdKH4OStQ==",
      "dependencies": {
        "prosemirror-state": "^1.0.0",
        "w3c-keyname": "^2.2.0"
      }
    },
    "node_modules/prosemirror-markdown": {
      "version": "1.12.0",
      "resolved": "https://registry.npmjs.org/prosemirror-markdown/-/prosemirror-markdown-1.12.0.tgz",
      "integrity": "sha512-6F5HS8Z0HDYiS2VQDZzfZP6A0s/I0gbkJy8NCzzDMtcsz3qrfqyroMMeoSjAmOhDITyon11NbXSzztfKi+frSQ==",
      "dependencies": {
        "markdown-it": "^14.0.0",
        "prosemirror-model": "^1.0.0"
      }
    },
    "node_modules/prosemirror-menu": {
      "version": "1.2.4",
      "resolved": "https://registry.npmjs.org/prosemirror-menu/-/prosemirror-menu-1.2.4.tgz",
      "integrity": "sha512-S/bXlc0ODQup6aiBbWVsX/eM+xJgCTAfMq/nLqaO5ID/am4wS0tTCIkzwytmao7ypEtjj39i7YbJjAgO20mIqA==",
      "dependencies": {
        "crelt": "^1.0.0",
        "prosemirror-commands": "^1.0.0",
        "prosemirror-history": "^1.0.0",
        "prosemirror-state": "^1.0.0"
      }
    },
    "node_modules/prosemirror-model": {
      "version": "1.19.4",
      "resolved": "https://registry.npmjs.org/prosemirror-model/-/prosemirror-model-1.19.4.tgz",
      "integrity": "sha512-RPmVXxUfOhyFdayHawjuZCxiROsm9L4FCUA6pWI+l7n2yCBsWy9VpdE1hpDHUS8Vad661YLY9AzqfjLhAKQ4iQ==",
      "dependencies": {
        "orderedmap": "^2.0.0"
      }
    },
    "node_modules/prosemirror-schema-basic": {
      "version": "1.2.2",
      "resolved": "https://registry.npmjs.org/prosemirror-schema-basic/-/prosemirror-schema-basic-1.2.2.tgz",
      "integrity": "sha512-/dT4JFEGyO7QnNTe9UaKUhjDXbTNkiWTq/N4VpKaF79bBjSExVV2NXmJpcM7z/gD7mbqNjxbmWW5nf1iNSSGnw==",
      "dependencies": {
        "prosemirror-model": "^1.19.0"
      }
    },
    "node_modules/prosemirror-schema-list": {
      "version": "1.3.0",
      "resolved": "https://registry.npmjs.org/prosemirror-schema-list/-/prosemirror-schema-list-1.3.0.tgz",
      "integrity": "sha512-Hz/7gM4skaaYfRPNgr421CU4GSwotmEwBVvJh5ltGiffUJwm7C8GfN/Bc6DR1EKEp5pDKhODmdXXyi9uIsZl5A==",
      "dependencies": {
        "prosemirror-model": "^1.0.0",
        "prosemirror-state": "^1.0.0",
        "prosemirror-transform": "^1.7.3"
      }
    },
    "node_modules/prosemirror-state": {
      "version": "1.4.3",
      "resolved": "https://registry.npmjs.org/prosemirror-state/-/prosemirror-state-1.4.3.tgz",
      "integrity": "sha512-goFKORVbvPuAQaXhpbemJFRKJ2aixr+AZMGiquiqKxaucC6hlpHNZHWgz5R7dS4roHiwq9vDctE//CZ++o0W1Q==",
      "dependencies": {
        "prosemirror-model": "^1.0.0",
        "prosemirror-transform": "^1.0.0",
        "prosemirror-view": "^1.27.0"
      }
    },
    "node_modules/prosemirror-tables": {
      "version": "1.3.7",
      "resolved": "https://registry.npmjs.org/prosemirror-tables/-/prosemirror-tables-1.3.7.tgz",
      "integrity": "sha512-oEwX1wrziuxMtwFvdDWSFHVUWrFJWt929kVVfHvtTi8yvw+5ppxjXZkMG/fuTdFo+3DXyIPSKfid+Be1npKXDA==",
      "dependencies": {
        "prosemirror-keymap": "^1.1.2",
        "prosemirror-model": "^1.8.1",
        "prosemirror-state": "^1.3.1",
        "prosemirror-transform": "^1.2.1",
        "prosemirror-view": "^1.13.3"
      }
    },
    "node_modules/prosemirror-trailing-node": {
      "version": "2.0.8",
      "resolved": "https://registry.npmjs.org/prosemirror-trailing-node/-/prosemirror-trailing-node-2.0.8.tgz",
      "integrity": "sha512-ujRYhSuhQb1Jsarh1IHqb2KoSnRiD7wAMDGucP35DN7j5af6X7B18PfdPIrbwsPTqIAj0fyOvxbuPsWhNvylmA==",
      "dependencies": {
        "@remirror/core-constants": "^2.0.2",
        "escape-string-regexp": "^4.0.0"
      },
      "peerDependencies": {
        "prosemirror-model": "^1.19.0",
        "prosemirror-state": "^1.4.2",
        "prosemirror-view": "^1.31.2"
      }
    },
    "node_modules/prosemirror-transform": {
      "version": "1.8.0",
      "resolved": "https://registry.npmjs.org/prosemirror-transform/-/prosemirror-transform-1.8.0.tgz",
      "integrity": "sha512-BaSBsIMv52F1BVVMvOmp1yzD3u65uC3HTzCBQV1WDPqJRQ2LuHKcyfn0jwqodo8sR9vVzMzZyI+Dal5W9E6a9A==",
      "dependencies": {
        "prosemirror-model": "^1.0.0"
      }
    },
    "node_modules/prosemirror-view": {
      "version": "1.33.1",
      "resolved": "https://registry.npmjs.org/prosemirror-view/-/prosemirror-view-1.33.1.tgz",
      "integrity": "sha512-62qkYgSJIkwIMMCpuGuPzc52DiK1Iod6TWoIMxP4ja6BTD4yO8kCUL64PZ/WhH/dJ9fW0CDO39FhH1EMyhUFEg==",
      "dependencies": {
        "prosemirror-model": "^1.16.0",
        "prosemirror-state": "^1.0.0",
        "prosemirror-transform": "^1.1.0"
      }
    },
    "node_modules/punycode.js": {
      "version": "2.3.1",
      "resolved": "https://registry.npmjs.org/punycode.js/-/punycode.js-2.3.1.tgz",
      "integrity": "sha512-uxFIHU0YlHYhDQtV4R9J6a52SLx28BCjT+4ieh7IGbgwVJWO+km431c4yRlREUAsAmt/uMjQUyQHNEPf0M39CA==",
      "engines": {
        "node": ">=6"
      }
    },
    "node_modules/rope-sequence": {
      "version": "1.3.4",
      "resolved": "https://registry.npmjs.org/rope-sequence/-/rope-sequence-1.3.4.tgz",
      "integrity": "sha512-UT5EDe2cu2E/6O4igUr5PSFs23nvvukicWHx6GnOPlHAiiYbzNuCRQCuiUdHJQcqKalLKlrYJnjY0ySGsXNQXQ=="
    },
    "node_modules/uc.micro": {
      "version": "2.1.0",
      "resolved": "https://registry.npmjs.org/uc.micro/-/uc.micro-2.1.0.tgz",
      "integrity": "sha512-ARDJmphmdvUk6Glw7y9DQ2bFkKBHwQHLi2lsaH6PPmz/Ka9sFOBsBluozhDltWmnv9u/cF6Rt87znRTPV+yp/A=="
    },
    "node_modules/w3c-keyname": {
      "version": "2.2.8",
      "resolved": "https://registry.npmjs.org/w3c-keyname/-/w3c-keyname-2.2.8.tgz",
      "integrity": "sha512-dpojBhNsCNN7T82Tm7k26A6G9ML3NkhDsnw9n/eoxSRlVBB4CEtIQ/KTCLI2Fwf3ataSXRhYFkQi3SlnFwPvPQ=="
    }
  }
}
